Microsoft Visual Studio Solution File, Format Version 12.00
# Visual Studio Version 18
VisualStudioVersion = 18.5.11723.231 stable
MinimumVisualStudioVersion = 10.0.40219.1
Project("{FAE04EC0-301F-11D3-BF4B-00C04F79EFBC}") = "Rihla", "Rihla.csproj", "{F2A832A1-03BD-46D4-A7BA-45184B42E7A0}"
EndProject
Global
	GlobalSection(SolutionConfigurationPlatforms) = preSolution
		Debug|Any CPU = Debug|Any CPU
		Release|Any CPU = Release|Any CPU
	EndGlobalSection
	GlobalSection(ProjectConfigurationPlatforms) = postSolution
		{F2A832A1-03BD-46D4-A7BA-45184B42E7A0}.Debug|Any CPU.ActiveCfg = Debug|Any CPU
		{F2A832A1-03BD-46D4-A7BA-45184B42E7A0}.Debug|Any CPU.Build.0 = Debug|Any CPU
		{F2A832A1-03BD-46D4-A7BA-45184B42E7A0}.Release|Any CPU.ActiveCfg = Release|Any CPU
		{F2A832A1-03BD-46D4-A7BA-45184B42E7A0}.Release|Any CPU.Build.0 = Release|Any CPU
	EndGlobalSection
	GlobalSection(SolutionProperties) = preSolution
		HideSolutionNode = FALSE
	EndGlobalSection
	GlobalSection(ExtensibilityGlobals) = postSolution
		SolutionGuid = {FD75CE5B-6B8B-4AB6-95EF-BC85E88BC8BE}
	EndGlobalSection
EndGlobal
